{
  "name": "ilp-protocol-stream",
  "version": "0.1.0",
  "lockfileVersion": 1,
  "requires": true,
  "dependencies": {
    "@types/debug": {
      "version": "0.0.30",
      "resolved": "https://registry.npmjs.org/@types/debug/-/debug-0.0.30.tgz",
      "integrity": "sha512-orGL5LXERPYsLov6CWs3Fh6203+dXzJkR7OnddIr2514Hsecwc8xRpzCapshBbKFImCsvS/mk6+FWiN5LyZJAQ==",
      "dev": true
    },
    "async-limiter": {
      "version": "1.0.0",
      "resolved": "https://registry.npmjs.org/async-limiter/-/async-limiter-1.0.0.tgz",
      "integrity": "sha512-jp/uFnooOiO+L211eZOoSyzpOITMXx1rBITauYykG3BRYPu8h0UcxsPNB04RR5vo4Tyz3+ay17tR6JVf9qzYWg==",
      "dev": true
    },
    "base64url": {
      "version": "2.0.0",
      "resolved": "https://registry.npmjs.org/base64url/-/base64url-2.0.0.tgz",
      "integrity": "sha1-6sFuA+oUOO/5Qj1puqNiYu0fcLs=",
      "dev": true
    },
    "bignumber.js": {
      "version": "6.0.0",
      "resolved": "https://registry.npmjs.org/bignumber.js/-/bignumber.js-6.0.0.tgz",
      "integrity": "sha512-x247jIuy60/+FtMRvscqfxtVHQf8AGx2hm9c6btkgC0x/hp9yt+teISNhvF8WlwRkCc5yF2fDECH8SIMe8j+GA=="
    },
    "btp-packet": {
      "version": "1.2.0",
      "resolved": "https://registry.npmjs.org/btp-packet/-/btp-packet-1.2.0.tgz",
      "integrity": "sha1-52w4bNLC/EL6I7azQjCys3/Zghk=",
      "dev": true,
      "requires": {
        "base64url": "2.0.0",
        "bignumber.js": "4.1.0",
        "dateformat": "2.2.0",
        "oer-utils": "1.3.4",
        "uuid-parse": "1.0.0"
      },
      "dependencies": {
        "bignumber.js": {
          "version": "4.1.0",
          "resolved": "https://registry.npmjs.org/bignumber.js/-/bignumber.js-4.1.0.tgz",
          "integrity": "sha512-eJzYkFYy9L4JzXsbymsFn3p54D+llV27oTQ+ziJG7WFRheJcNZilgVXMG0LoZtlQSKBsJdWtLFqOD0u+U0jZKA==",
          "dev": true
        },
        "oer-utils": {
          "version": "1.3.4",
          "resolved": "https://registry.npmjs.org/oer-utils/-/oer-utils-1.3.4.tgz",
          "integrity": "sha1-sqmtvJK8GRVaKgDwRWg9Hm1KyCM=",
          "dev": true
        }
      }
    },
    "dateformat": {
      "version": "2.2.0",
      "resolved": "https://registry.npmjs.org/dateformat/-/dateformat-2.2.0.tgz",
      "integrity": "sha1-QGXiATz5+5Ft39gu+1Bq1MZ2kGI=",
      "dev": true
    },
    "debug": {
      "version": "3.1.0",
      "resolved": "https://registry.npmjs.org/debug/-/debug-3.1.0.tgz",
      "integrity": "sha512-OX8XqP7/1a9cqkxYw2yXss15f26NKWBpDXQd0/uK/KPqdQhxbPa994hnzjcE2VqQpDslf55723cKPUOGSmMY3g==",
      "requires": {
        "ms": "2.0.0"
      }
    },
    "eventemitter2": {
      "version": "5.0.1",
      "resolved": "https://registry.npmjs.org/eventemitter2/-/eventemitter2-5.0.1.tgz",
      "integrity": "sha1-YZegldX7a1folC9v1+qtY6CclFI=",
      "dev": true
    },
    "eventemitter3": {
      "version": "3.0.1",
      "resolved": "https://registry.npmjs.org/eventemitter3/-/eventemitter3-3.0.1.tgz",
      "integrity": "sha512-QOCPu979MMWX9XNlfRZoin+Wm+bK1SP7vv3NGUniYwuSJK/+cPA10blMaeRgzg31RvoSFk6FsCDVa4vNryBTGA=="
    },
    "extensible-error": {
      "version": "1.0.2",
      "resolved": "https://registry.npmjs.org/extensible-error/-/extensible-error-1.0.2.tgz",
      "integrity": "sha512-kXU1FiTsGT8PyMKtFM074RK/VBpzwuQJicAHqBpsPDeTXBQiSALPjkjKXlyKdG/GP6lR7bBaEkq8qdoO2geu9g=="
    },
    "ilp-packet": {
      "version": "2.2.0",
      "resolved": "https://registry.npmjs.org/ilp-packet/-/ilp-packet-2.2.0.tgz",
      "integrity": "sha1-qHJcwmMxxuLGU1OKEGPVUBQwXjE=",
      "requires": {
        "bignumber.js": "5.0.0",
        "extensible-error": "1.0.2",
        "long": "3.2.0",
        "oer-utils": "1.3.4"
      },
      "dependencies": {
        "bignumber.js": {
          "version": "5.0.0",
          "resolved": "https://registry.npmjs.org/bignumber.js/-/bignumber.js-5.0.0.tgz",
          "integrity": "sha512-KWTu6ZMVk9sxlDJQh2YH1UOnfDP8O8TpxUxgQG/vKASoSnEjK9aVuOueFaPcQEYQ5fyNXNTOYwYw3099RYebWg=="
        },
        "oer-utils": {
          "version": "1.3.4",
          "resolved": "https://registry.npmjs.org/oer-utils/-/oer-utils-1.3.4.tgz",
          "integrity": "sha1-sqmtvJK8GRVaKgDwRWg9Hm1KyCM="
        }
      }
    },
    "ilp-plugin-btp": {
      "version": "1.1.8",
      "resolved": "https://registry.npmjs.org/ilp-plugin-btp/-/ilp-plugin-btp-1.1.8.tgz",
      "integrity": "sha1-/lrUMK6Pcuva4wmpaVzBF85gSLA=",
      "dev": true,
      "requires": {
        "base64url": "2.0.0",
        "btp-packet": "1.2.0",
        "debug": "3.1.0",
        "eventemitter2": "5.0.1",
        "ws": "3.3.3"
      }
    },
    "ilp-protocol-ildcp": {
      "version": "1.0.0",
      "resolved": "https://registry.npmjs.org/ilp-protocol-ildcp/-/ilp-protocol-ildcp-1.0.0.tgz",
      "integrity": "sha512-rmmrnwUKyVYHwJyteYMF6R6dO6ap1j6c7uNDiCqNLPXQSuNQUwAdXd+7CfStED/mOcM/D86IEZrcNx35GtCt6Q==",
      "requires": {
        "ilp-packet": "2.2.0",
        "oer-utils": "1.3.4"
      },
      "dependencies": {
        "oer-utils": {
          "version": "1.3.4",
          "resolved": "https://registry.npmjs.org/oer-utils/-/oer-utils-1.3.4.tgz",
          "integrity": "sha1-sqmtvJK8GRVaKgDwRWg9Hm1KyCM="
        }
      }
    },
    "long": {
      "version": "3.2.0",
      "resolved": "https://registry.npmjs.org/long/-/long-3.2.0.tgz",
      "integrity": "sha1-2CG3E4yhy1gcFymQ7xTbIAtcR0s="
    },
    "ms": {
      "version": "2.0.0",
      "resolved": "https://registry.npmjs.org/ms/-/ms-2.0.0.tgz",
      "integrity": "sha1-VgiurfwAvmwpAd9fmGF4jeDVl8g="
    },
    "oer-utils": {
      "version": "2.0.0",
      "resolved": "https://registry.npmjs.org/oer-utils/-/oer-utils-2.0.0.tgz",
      "integrity": "sha512-90tgoI1wuT/W3L1lPH34f2QNUBHYm1SjB0x+QWZb3BKY6UchK3irvIYUwVFmppNH2Qt1gkr4fjcVZPD6j/acSw==",
      "requires": {
        "bignumber.js": "6.0.0"
      }
    },
    "safe-buffer": {
      "version": "5.1.1",
      "resolved": "https://registry.npmjs.org/safe-buffer/-/safe-buffer-5.1.1.tgz",
      "integrity": "sha512-kKvNJn6Mm93gAczWVJg7wH+wGYWNrDHdWvpUmHyEsgCtIwwo3bqPtV4tR5tuPaUhTOo/kvhVwd8XwwOllGYkbg==",
      "dev": true
    },
    "source-map": {
      "version": "0.6.1",
      "resolved": "https://registry.npmjs.org/source-map/-/source-map-0.6.1.tgz",
      "integrity": "sha512-UjgapumWlbMhkBgzT7Ykc5YXUT46F0iKu8SGXq0bcwP5dz/h0Plj6enJqjz1Zbq2l5WaqYnrVbwWOWMyF3F47g==",
      "dev": true
    },
    "source-map-support": {
      "version": "0.5.3",
      "resolved": "https://registry.npmjs.org/source-map-support/-/source-map-support-0.5.3.tgz",
      "integrity": "sha512-eKkTgWYeBOQqFGXRfKabMFdnWepo51vWqEdoeikaEPFiJC7MCU5j2h4+6Q8npkZTeLGbSyecZvRxiSoWl3rh+w==",
      "dev": true,
      "requires": {
        "source-map": "0.6.1"
      }
    },
    "ultron": {
      "version": "1.1.1",
      "resolved": "https://registry.npmjs.org/ultron/-/ultron-1.1.1.tgz",
      "integrity": "sha512-UIEXBNeYmKptWH6z8ZnqTeS8fV74zG0/eRU9VGkpzz+LIJNs8W/zM/L+7ctCkRrgbNnnR0xxw4bKOr0cW0N0Og==",
      "dev": true
    },
    "uuid-parse": {
      "version": "1.0.0",
      "resolved": "https://registry.npmjs.org/uuid-parse/-/uuid-parse-1.0.0.tgz",
      "integrity": "sha1-9GV3F2JLDkuIrzb5jYlYmlu+5Wk=",
      "dev": true
    },
    "ws": {
      "version": "3.3.3",
      "resolved": "https://registry.npmjs.org/ws/-/ws-3.3.3.tgz",
      "integrity": "sha512-nnWLa/NwZSt4KQJu51MYlCcSQ5g7INpOrOMt4XV8j4dqTXdmlUmSHQ8/oLC069ckre0fRsgfvsKwbTdtKLCDkA==",
      "dev": true,
      "requires": {
        "async-limiter": "1.0.0",
        "safe-buffer": "5.1.1",
        "ultron": "1.1.1"
      }
    }
  }
}
